
Microsoft Visual Studio Solution File, Format Version 12.00
# Visual Studio 15
VisualStudioVersion = 15.0.26206.0
MinimumVisualStudioVersion = 10.0.40219.1
Project("{FAE04EC0-301F-11D3-BF4B-00C04F79EFBC}") = "DotNet.Cabinets", "DotNet.Cabinets.csproj", "{CD2137AE-0D31-4D9C-B2D3-AF6CC1481B4F}"
EndProject
Project("{FAE04EC0-301F-11D3-BF4B-00C04F79EFBC}") = "DotNet.Cabinets.Tests", "..\DotNet.Cabinet.Tests\DotNet.Cabinets.Tests.csproj", "{AC6C64C9-F19F-4095-A5BE-0012E94353E2}"
EndProject
Global
	GlobalSection(SolutionConfigurationPlatforms) = preSolution
		Debug|Any CPU = Debug|Any CPU
		Debug|x64 = Debug|x64
		Debug|x86 = Debug|x86
		Release|Any CPU = Release|Any CPU
		Release|x64 = Release|x64
		Release|x86 = Release|x86
	EndGlobalSection
	GlobalSection(ProjectConfigurationPlatforms) = postSolution
		{CD2137AE-0D31-4D9C-B2D3-AF6CC1481B4F}.Debug|Any CPU.ActiveCfg = Debug|Any CPU
		{CD2137AE-0D31-4D9C-B2D3-AF6CC1481B4F}.Debug|Any CPU.Build.0 = Debug|Any CPU
		{CD2137AE-0D31-4D9C-B2D3-AF6CC1481B4F}.Debug|x64.ActiveCfg = Debug|x64
		{CD2137AE-0D31-4D9C-B2D3-AF6CC1481B4F}.Debug|x64.Build.0 = Debug|x64
		{CD2137AE-0D31-4D9C-B2D3-AF6CC1481B4F}.Debug|x86.ActiveCfg = Debug|x86
		{CD2137AE-0D31-4D9C-B2D3-AF6CC1481B4F}.Debug|x86.Build.0 = Debug|x86
		{CD2137AE-0D31-4D9C-B2D3-AF6CC1481B4F}.Release|Any CPU.ActiveCfg = Release|Any CPU
		{CD2137AE-0D31-4D9C-B2D3-AF6CC1481B4F}.Release|Any CPU.Build.0 = Release|Any CPU
		{CD2137AE-0D31-4D9C-B2D3-AF6CC1481B4F}.Release|x64.ActiveCfg = Release|x64
		{CD2137AE-0D31-4D9C-B2D3-AF6CC1481B4F}.Release|x64.Build.0 = Release|x64
		{CD2137AE-0D31-4D9C-B2D3-AF6CC1481B4F}.Release|x86.ActiveCfg = Release|x86
		{CD2137AE-0D31-4D9C-B2D3-AF6CC1481B4F}.Release|x86.Build.0 = Release|x86
		{AC6C64C9-F19F-4095-A5BE-0012E94353E2}.Debug|Any CPU.ActiveCfg = Debug|Any CPU
		{AC6C64C9-F19F-4095-A5BE-0012E94353E2}.Debug|Any CPU.Build.0 = Debug|Any CPU
		{AC6C64C9-F19F-4095-A5BE-0012E94353E2}.Debug|x64.ActiveCfg = Debug|x64
		{AC6C64C9-F19F-4095-A5BE-0012E94353E2}.Debug|x64.Build.0 = Debug|x64
		{AC6C64C9-F19F-4095-A5BE-0012E94353E2}.Debug|x86.ActiveCfg = Debug|x86
		{AC6C64C9-F19F-4095-A5BE-0012E94353E2}.Debug|x86.Build.0 = Debug|x86
		{AC6C64C9-F19F-4095-A5BE-0012E94353E2}.Release|Any CPU.ActiveCfg = Release|Any CPU
		{AC6C64C9-F19F-4095-A5BE-0012E94353E2}.Release|Any CPU.Build.0 = Release|Any CPU
		{AC6C64C9-F19F-4095-A5BE-0012E94353E2}.Release|x64.ActiveCfg = Release|x64
		{AC6C64C9-F19F-4095-A5BE-0012E94353E2}.Release|x64.Build.0 = Release|x64
		{AC6C64C9-F19F-4095-A5BE-0012E94353E2}.Release|x86.ActiveCfg = Release|x86
		{AC6C64C9-F19F-4095-A5BE-0012E94353E2}.Release|x86.Build.0 = Release|x86
	EndGlobalSection
	GlobalSection(SolutionProperties) = preSolution
		HideSolutionNode = FALSE
	EndGlobalSection
EndGlobal
